
Microsoft Visual Studio Solution File, Format Version 12.00
# Visual Studio 15
VisualStudioVersion = 15.0.28307.271
MinimumVisualStudioVersion = 10.0.40219.1
Project("{FAE04EC0-301F-11D3-BF4B-00C04F79EFBC}") = "FileOrganizer", "FileOrganizer.csproj", "{1610D6A3-D375-436B-978D-00E14D830F50}"
EndProject
Global
	GlobalSection(SolutionConfigurationPlatforms) = preSolution
		Debug|Any CPU = Debug|Any CPU
		Release|Any CPU = Release|Any CPU
	EndGlobalSection
	GlobalSection(ProjectConfigurationPlatforms) = postSolution
		{1610D6A3-D375-436B-978D-00E14D830F50}.Debug|Any CPU.ActiveCfg = Debug|Any CPU
		{1610D6A3-D375-436B-978D-00E14D830F50}.Debug|Any CPU.Build.0 = Debug|Any CPU
		{1610D6A3-D375-436B-978D-00E14D830F50}.Release|Any CPU.ActiveCfg = Release|Any CPU
		{1610D6A3-D375-436B-978D-00E14D830F50}.Release|Any CPU.Build.0 = Release|Any CPU
	EndGlobalSection
	GlobalSection(SolutionProperties) = preSolution
		HideSolutionNode = FALSE
	EndGlobalSection
	GlobalSection(ExtensibilityGlobals) = postSolution
		SolutionGuid = {339D5002-120E-417A-8817-B1DB2AD79C62}
	EndGlobalSection
EndGlobal
